{
    "_readme": [
        "This file locks the dependencies of your project to a known state",
        "Read more about it at https://getcomposer.org/doc/01-basic-usage.md#composer-lock-the-lock-file",
        "This file is @generated automatically"
    ],
    "hash": "f9d2eceeb28dc30558c31442553d7c5b",
    "content-hash": "11b99a53e62720c7ed70b2531126c323",
    "packages": [
        {
            "name": "amphp/aerys",
            "version": "dev-master",
            "source": {
                "type": "git",
                "url": "git@github.com:amphp/aerys.git",
                "reference": "0ae5ef748d022a58bd158b4e36925db71ec4aadf"
            },
            "require": {
                "amphp/amp": "^1",
                "amphp/file": "dev-master",
                "league/climate": "^3",
                "nikic/fast-route": "~0.4.0",
                "php": ">=7.0.0-dev",
                "psr/log": "~1.0"
            },
            "require-dev": {
                "phpunit/phpunit": "~5.0"
            },
            "bin": [
                "bin/aerys"
            ],
            "type": "library",
            "extra": {
                "branch-alias": {
                    "dev-master": "0.1.0-dev"
                }
            },
            "autoload": {
                "psr-4": {
                    "Aerys\\": "lib/"
                },
                "files": [
                    "lib/functions.php",
                    "lib/constants.php"
                ]
            },
            "autoload-dev": {
                "psr-4": {
                    "Aerys\\Test\\": "test/"
                }
            },
            "license": [
                "MIT"
            ],
            "authors": [
                {
                    "name": "Daniel Lowrey",
                    "email": "rdlowrey@php.net",
                    "role": "Creator / Lead Developer"
                },
                {
                    "name": "Bob Weinand",
                    "role": "Developer / API Coordinator"
                }
            ],
            "description": "A non-blocking HTTP/Websocket server",
            "homepage": "https://github.com/amphp/aerys",
            "keywords": [
                "aerys",
                "amp",
                "amphp",
                "async",
                "http",
                "non-blocking",
                "server",
                "websocket"
            ],
            "time": "2015-10-20 14:13:59"
        },
        {
            "name": "amphp/amp",
            "version": "dev-master",
            "source": {
                "type": "git",
                "url": "https://github.com/amphp/amp.git",
                "reference": "3057329a5ceda286c5a42a8119cba28e27880ea9"
            },
            "dist": {
                "type": "zip",
                "url": "https://api.github.com/repos/amphp/amp/zipball/3057329a5ceda286c5a42a8119cba28e27880ea9",
                "reference": "3057329a5ceda286c5a42a8119cba28e27880ea9",
                "shasum": ""
            },
            "require": {
                "php": ">=5.5"
            },
            "require-dev": {
                "fabpot/php-cs-fixer": "~1.9",
                "phpunit/phpunit": "~4.8"
            },
            "type": "library",
            "extra": {
                "branch-alias": {
                    "dev-master": "1.0.x-dev"
                }
            },
            "autoload": {
                "psr-4": {
                    "Amp\\": "lib/"
                },
                "files": [
                    "lib/functions.php"
                ]
            },
            "notification-url": "https://packagist.org/downloads/",
            "license": [
                "MIT"
            ],
            "authors": [
                {
                    "name": "Daniel Lowrey",
                    "email": "rdlowrey@php.net",
                    "role": "Creator / Lead Developer"
                }
            ],
            "description": "A non-blocking concurrency framework for PHP applications",
            "homepage": "https://github.com/amphp/amp",
            "keywords": [
                "async",
                "concurrency",
                "event",
                "non-blocking",
                "promise"
            ],
            "time": "2015-09-30 12:31:53"
        },
        {
            "name": "amphp/file",
            "version": "dev-master",
            "source": {
                "type": "git",
                "url": "https://github.com/amphp/file.git",
                "reference": "ef27c46ac8c6d06df371efc64bcf271189c048a6"
            },
            "dist": {
                "type": "zip",
                "url": "https://api.github.com/repos/amphp/file/zipball/ef27c46ac8c6d06df371efc64bcf271189c048a6",
                "reference": "ef27c46ac8c6d06df371efc64bcf271189c048a6",
                "shasum": ""
            },
            "require": {
                "amphp/amp": "^1",
                "php": ">=5.5"
            },
            "require-dev": {
                "fabpot/php-cs-fixer": "~1.9",
                "phpunit/phpunit": "~4.8"
            },
            "type": "library",
            "extra": {
                "branch-alias": {
                    "dev-master": "0.1.0-dev"
                }
            },
            "autoload": {
                "psr-4": {
                    "Amp\\File\\": "lib"
                },
                "files": [
                    "lib/functions.php"
                ]
            },
            "notification-url": "https://packagist.org/downloads/",
            "license": [
                "MIT"
            ],
            "authors": [
                {
                    "name": "Daniel Lowrey",
                    "email": "rdlowrey@php.net"
                }
            ],
            "description": "An async filesystem library built on the amp concurrency framework",
            "homepage": "https://github.com/amphp/file",
            "keywords": [
                "amp",
                "amphp",
                "async",
                "disk",
                "file",
                "non-blocking",
                "static"
            ],
            "time": "2015-09-10 22:40:33"
        },
        {
            "name": "league/climate",
            "version": "3.2.0",
            "source": {
                "type": "git",
                "url": "https://github.com/thephpleague/climate.git",
                "reference": "834cb907c89eb31e2171b68ee25c0ed26c8f34f4"
            },
            "dist": {
                "type": "zip",
                "url": "https://api.github.com/repos/thephpleague/climate/zipball/834cb907c89eb31e2171b68ee25c0ed26c8f34f4",
                "reference": "834cb907c89eb31e2171b68ee25c0ed26c8f34f4",
                "shasum": ""
            },
            "require": {
                "php": ">=5.4.0",
                "seld/cli-prompt": "~1.0"
            },
            "require-dev": {
                "mikey179/vfsstream": "~1.4",
                "mockery/mockery": "dev-master",
                "phpunit/phpunit": "~4.6"
            },
            "type": "library",
            "autoload": {
                "psr-4": {
                    "League\\CLImate\\": "src/"
                }
            },
            "notification-url": "https://packagist.org/downloads/",
            "license": [
                "MIT"
            ],
            "authors": [
                {
                    "name": "Joe Tannenbaum",
                    "email": "hey@joe.codes",
                    "homepage": "http://joe.codes/",
                    "role": "Developer"
                }
            ],
            "description": "PHP's best friend for the terminal. CLImate allows you to easily output colored text, special formats, and more.",
            "keywords": [
                "cli",
                "colors",
                "command",
                "php",
                "terminal"
            ],
            "time": "2015-08-13 16:50:51"
        },
        {
            "name": "nikic/fast-route",
            "version": "v0.4.0",
            "source": {
                "type": "git",
                "url": "https://github.com/nikic/FastRoute.git",
                "reference": "f26a8f7788f25c0e3e9b1579d38d7ccab2755320"
            },
            "dist": {
                "type": "zip",
                "url": "https://api.github.com/repos/nikic/FastRoute/zipball/f26a8f7788f25c0e3e9b1579d38d7ccab2755320",
                "reference": "f26a8f7788f25c0e3e9b1579d38d7ccab2755320",
                "shasum": ""
            },
            "require": {
                "php": ">=5.4.0"
            },
            "type": "library",
            "autoload": {
                "psr-4": {
                    "FastRoute\\": "src/"
                },
                "files": [
                    "src/functions.php"
                ]
            },
            "notification-url": "https://packagist.org/downloads/",
            "license": [
                "BSD-3-Clause"
            ],
            "authors": [
                {
                    "name": "Nikita Popov",
                    "email": "nikic@php.net"
                }
            ],
            "description": "Fast request router for PHP",
            "keywords": [
                "router",
                "routing"
            ],
            "time": "2015-02-26 15:33:07"
        },
        {
            "name": "psr/log",
            "version": "dev-master",
            "source": {
                "type": "git",
                "url": "https://github.com/php-fig/log.git",
                "reference": "9e45edca52cc9c954680072c93e621f8b71fab26"
            },
            "dist": {
                "type": "zip",
                "url": "https://api.github.com/repos/php-fig/log/zipball/9e45edca52cc9c954680072c93e621f8b71fab26",
                "reference": "9e45edca52cc9c954680072c93e621f8b71fab26",
                "shasum": ""
            },
            "require": {
                "php": ">=5.3.0"
            },
            "type": "library",
            "extra": {
                "branch-alias": {
                    "dev-master": "1.0.x-dev"
                }
            },
            "autoload": {
                "psr-4": {
                    "Psr\\Log\\": "Psr/Log/"
                }
            },
            "notification-url": "https://packagist.org/downloads/",
            "license": [
                "MIT"
            ],
            "authors": [
                {
                    "name": "PHP-FIG",
                    "homepage": "http://www.php-fig.org/"
                }
            ],
            "description": "Common interface for logging libraries",
            "keywords": [
                "log",
                "psr",
                "psr-3"
            ],
            "time": "2015-06-02 13:48:41"
        },
        {
            "name": "seld/cli-prompt",
            "version": "dev-master",
            "source": {
                "type": "git",
                "url": "https://github.com/Seldaek/cli-prompt.git",
                "reference": "fe114c7a6ac5cb0ce76932ae4017024d9842a49c"
            },
            "dist": {
                "type": "zip",
                "url": "https://api.github.com/repos/Seldaek/cli-prompt/zipball/fe114c7a6ac5cb0ce76932ae4017024d9842a49c",
                "reference": "fe114c7a6ac5cb0ce76932ae4017024d9842a49c",
                "shasum": ""
            },
            "require": {
                "php": ">=5.3"
            },
            "type": "library",
            "extra": {
                "branch-alias": {
                    "dev-master": "1.x-dev"
                }
            },
            "autoload": {
                "psr-4": {
                    "Seld\\CliPrompt\\": "src/"
                }
            },
            "notification-url": "https://packagist.org/downloads/",
            "license": [
                "MIT"
            ],
            "authors": [
                {
                    "name": "Jordi Boggiano",
                    "email": "j.boggiano@seld.be"
                }
            ],
            "description": "Allows you to prompt for user input on the command line, and optionally hide the characters they type",
            "keywords": [
                "cli",
                "console",
                "hidden",
                "input",
                "prompt"
            ],
            "time": "2015-04-30 20:24:49"
        }
    ],
    "packages-dev": [],
    "aliases": [],
    "minimum-stability": "dev",
    "stability-flags": {
        "amphp/aerys": 20
    },
    "prefer-stable": false,
    "prefer-lowest": false,
    "platform": [],
    "platform-dev": []
}
